
Microsoft Visual Studio Solution File, Format Version 12.00
# Visual Studio 2013
VisualStudioVersion = 12.0.21005.1
MinimumVisualStudioVersion = 10.0.40219.1
Project("{E24C65DC-7377-472B-9ABA-BC803B73C61A}") = "TestAspNet", "http://localhost:50581", "{3C643D98-5837-490D-909A-99266EB64F76}"
	ProjectSection(WebsiteProperties) = preProject
		UseIISExpress = "true"
		TargetFrameworkMoniker = ".NETFramework,Version%3Dv4.5"
		ProjectReferences = ""
		Debug.AspNetCompiler.VirtualPath = "/localhost_50581"
		Debug.AspNetCompiler.PhysicalPath = "TestAspNet\"
		Debug.AspNetCompiler.TargetPath = "PrecompiledWeb\localhost_50581\"
		Debug.AspNetCompiler.Updateable = "true"
		Debug.AspNetCompiler.ForceOverwrite = "true"
		Debug.AspNetCompiler.FixedNames = "false"
		Debug.AspNetCompiler.Debug = "True"
		Release.AspNetCompiler.VirtualPath = "/localhost_50581"
		Release.AspNetCompiler.PhysicalPath = "TestAspNet\"
		Release.AspNetCompiler.TargetPath = "PrecompiledWeb\localhost_50581\"
		Release.AspNetCompiler.Updateable = "true"
		Release.AspNetCompiler.ForceOverwrite = "true"
		Release.AspNetCompiler.FixedNames = "false"
		Release.AspNetCompiler.Debug = "False"
		SlnRelativePath = "TestAspNet\"
		DefaultWebSiteLanguage = "Visual C#"
	EndProjectSection
EndProject
Global
	GlobalSection(SolutionConfigurationPlatforms) = preSolution
		Debug|Any CPU = Debug|Any CPU
		Release|Any CPU = Release|Any CPU
	EndGlobalSection
	GlobalSection(ProjectConfigurationPlatforms) = postSolution
		{3C643D98-5837-490D-909A-99266EB64F76}.Debug|Any CPU.ActiveCfg = Debug|Any CPU
		{3C643D98-5837-490D-909A-99266EB64F76}.Debug|Any CPU.Build.0 = Debug|Any CPU
		{3C643D98-5837-490D-909A-99266EB64F76}.Release|Any CPU.ActiveCfg = Debug|Any CPU
		{3C643D98-5837-490D-909A-99266EB64F76}.Release|Any CPU.Build.0 = Debug|Any CPU
	EndGlobalSection
	GlobalSection(SolutionProperties) = preSolution
		HideSolutionNode = FALSE
	EndGlobalSection
EndGlobal
